
Microsoft Visual Studio Solution File, Format Version 12.00
# Visual Studio Version 16
VisualStudioVersion = 16.0.32630.194
MinimumVisualStudioVersion = 10.0.40219.1
Project("{FAE04EC0-301F-11D3-BF4B-00C04F79EFBC}") = "FinalChallenge", "FinalChallenge\FinalChallenge.csproj", "{B15972E3-7303-4DA6-AF98-9156747DE9EA}"
EndProject
Global
	GlobalSection(SolutionConfigurationPlatforms) = preSolution
		Debug|Any CPU = Debug|Any CPU
		Release|Any CPU = Release|Any CPU
	EndGlobalSection
	GlobalSection(ProjectConfigurationPlatforms) = postSolution
		{B15972E3-7303-4DA6-AF98-9156747DE9EA}.Debug|Any CPU.ActiveCfg = Debug|Any CPU
		{B15972E3-7303-4DA6-AF98-9156747DE9EA}.Debug|Any CPU.Build.0 = Debug|Any CPU
		{B15972E3-7303-4DA6-AF98-9156747DE9EA}.Release|Any CPU.ActiveCfg = Release|Any CPU
		{B15972E3-7303-4DA6-AF98-9156747DE9EA}.Release|Any CPU.Build.0 = Release|Any CPU
	EndGlobalSection
	GlobalSection(SolutionProperties) = preSolution
		HideSolutionNode = FALSE
	EndGlobalSection
	GlobalSection(ExtensibilityGlobals) = postSolution
		SolutionGuid = {69150CB8-9A51-42BF-9671-F7F4E24A5743}
	EndGlobalSection
EndGlobal
